
Microsoft Visual Studio Solution File, Format Version 12.00
# Visual Studio 14
VisualStudioVersion = 14.0.25420.1
MinimumVisualStudioVersion = 10.0.40219.1
Project("{2150E333-8FDC-42A3-9474-1A3956D46DE8}") = "src", "src", "{CD41E9A4-6989-453E-9F7F-FBD9CEFDBF4F}"
EndProject
Project("{2150E333-8FDC-42A3-9474-1A3956D46DE8}") = "Solution Items", "Solution Items", "{66F0F618-321D-4A75-8972-6DB541EA6D2A}"
	ProjectSection(SolutionItems) = preProject
		global.json = global.json
	EndProjectSection
EndProject
Project("{8BB2217D-0F2D-49D1-97BC-3654ED321F3B}") = "testApp", "src\testApp\testApp.xproj", "{CCEC4981-CCBD-4C74-A7FF-7DB5412FCB96}"
EndProject
Global
	GlobalSection(SolutionConfigurationPlatforms) = preSolution
		Debug|Any CPU = Debug|Any CPU
		Release|Any CPU = Release|Any CPU
	EndGlobalSection
	GlobalSection(ProjectConfigurationPlatforms) = postSolution
		{CCEC4981-CCBD-4C74-A7FF-7DB5412FCB96}.Debug|Any CPU.ActiveCfg = Debug|Any CPU
		{CCEC4981-CCBD-4C74-A7FF-7DB5412FCB96}.Debug|Any CPU.Build.0 = Debug|Any CPU
		{CCEC4981-CCBD-4C74-A7FF-7DB5412FCB96}.Release|Any CPU.ActiveCfg = Release|Any CPU
		{CCEC4981-CCBD-4C74-A7FF-7DB5412FCB96}.Release|Any CPU.Build.0 = Release|Any CPU
	EndGlobalSection
	GlobalSection(SolutionProperties) = preSolution
		HideSolutionNode = FALSE
	EndGlobalSection
	GlobalSection(NestedProjects) = preSolution
		{CCEC4981-CCBD-4C74-A7FF-7DB5412FCB96} = {CD41E9A4-6989-453E-9F7F-FBD9CEFDBF4F}
	EndGlobalSection
EndGlobal
